// !$*UTF8*$!
{
	archiveVersion = 1;
	classes = {
	};
	objectVersion = 77;
	objects = {

/* Begin PBXBuildFile section */
		BEFBD1B12CF523BD00C92F63 /* Alamofire in Frameworks */ = {isa = PBXBuildFile; productRef = BEFBD1B02CF523BD00C92F63 /* Alamofire */; };
		BEFBD1B42CF523CE00C92F63 /* SDWebImageSwiftUI in Frameworks */ = {isa = PBXBuildFile; productRef = BEFBD1B32CF523CE00C92F63 /* SDWebImageSwiftUI */; };
/* End PBXBuildFile section */

/* Begin PBXContainerItemProxy section */
		BEFBD18B2CF50D6000C92F63 /* PBXContainerItemProxy */ = {
			isa = PBXContainerItemProxy;
			containerPortal = BEFBD1722CF50D5E00C92F63 /* Project object */;
			proxyType = 1;
			remoteGlobalIDString = BEFBD1792CF50D5E00C92F63;
			remoteInfo = "TC2007B-Examen";
		};
		BEFBD1952CF50D6000C92F63 /* PBXContainerItemProxy */ = {
			isa = PBXContainerItemProxy;
			containerPortal = BEFBD1722CF50D5E00C92F63 /* Project object */;
			proxyType = 1;
			remoteGlobalIDString = BEFBD1792CF50D5E00C92F63;
			remoteInfo = "TC2007B-Examen";
		};
/* End PBXContainerItemProxy section */

/* Begin PBXFileReference section */
		BEFBD17A2CF50D5E00C92F63 /* TC2007B-Examen.app */ = {isa = PBXFileReference; explicitFileType = wrapper.application; includeInIndex = 0; path = "TC2007B-Examen.app"; sourceTree = BUILT_PRODUCTS_DIR; };
		BEFBD18A2CF50D6000C92F63 /* TC2007B-ExamenTests.xctest */ = {isa = PBXFileReference; explicitFileType = wrapper.cfbundle; includeInIndex = 0; path = "TC2007B-ExamenTests.xctest"; sourceTree = BUILT_PRODUCTS_DIR; };
		BEFBD1942CF50D6000C92F63 /* TC2007B-ExamenUITests.xctest */ = {isa = PBXFileReference; explicitFileType = wrapper.cfbundle; includeInIndex = 0; path = "TC2007B-ExamenUITests.xctest"; sourceTree = BUILT_PRODUCTS_DIR; };
/* End PBXFileReference section */

/* Begin PBXFileSystemSynchronizedRootGroup section */
		BEFBD17C2CF50D5E00C92F63 /* TC2007B-Examen */ = {
			isa = PBXFileSystemSynchronizedRootGroup;
			path = "TC2007B-Examen";
			sourceTree = "<group>";
		};
		BEFBD18D2CF50D6000C92F63 /* TC2007B-ExamenTests */ = {
			isa = PBXFileSystemSynchronizedRootGroup;
			path = "TC2007B-ExamenTests";
			sourceTree = "<group>";
		};
		BEFBD1972CF50D6000C92F63 /* TC2007B-ExamenUITests */ = {
			isa = PBXFileSystemSynchronizedRootGroup;
			path = "TC2007B-ExamenUITests";
			sourceTree = "<group>";
		};
/* End PBXFileSystemSynchronizedRootGroup section */

/* Begin PBXFrameworksBuildPhase section */
		BEFBD1772CF50D5E00C92F63 /* Frameworks */ = {
			isa = PBXFrameworksBuildPhase;
			buildActionMask = 2147483647;
			files = (
				BEFBD1B42CF523CE00C92F63 /* SDWebImageSwiftUI in Frameworks */,
				BEFBD1B12CF523BD00C92F63 /* Alamofire in Frameworks */,
			);
			runOnlyForDeploymentPostprocessing = 0;
		};
		BEFBD1872CF50D6000C92F63 /* Frameworks */ = {
			isa = PBXFrameworksBuildPhase;
			buildActionMask = 2147483647;
			files = (
			);
			runOnlyForDeploymentPostprocessing = 0;
		};
		BEFBD1912CF50D6000C92F63 /* Frameworks */ = {
			isa = PBXFrameworksBuildPhase;
			buildActionMask = 2147483647;
			files = (
			);
			runOnlyForDeploymentPostprocessing = 0;
		};
/* End PBXFrameworksBuildPhase section */

/* Begin PBXGroup section */
		BEFBD1712CF50D5E00C92F63 = {
			isa = PBXGroup;
			children = (
				BEFBD17C2CF50D5E00C92F63 /* TC2007B-Examen */,
				BEFBD18D2CF50D6000C92F63 /* TC2007B-ExamenTests */,
				BEFBD1972CF50D6000C92F63 /* TC2007B-ExamenUITests */,
				BEFBD17B2CF50D5E00C92F63 /* Products */,
			);
			sourceTree = "<group>";
		};
		BEFBD17B2CF50D5E00C92F63 /* Products */ = {
			isa = PBXGroup;
			children = (
				BEFBD17A2CF50D5E00C92F63 /* TC2007B-Examen.app */,
				BEFBD18A2CF50D6000C92F63 /* TC2007B-ExamenTests.xctest */,
				BEFBD1942CF50D6000C92F63 /* TC2007B-ExamenUITests.xctest */,
			);
			name = Products;
			sourceTree = "<group>";
		};
/* End PBXGroup section */

/* Begin PBXNativeTarget section */
		BEFBD1792CF50D5E00C92F63 /* TC2007B-Examen */ = {
			isa = PBXNativeTarget;
			buildConfigurationList = BEFBD19E2CF50D6000C92F63 /* Build configuration list for PBXNativeTarget "TC2007B-Examen" */;
			buildPhases = (
				BEFBD1762CF50D5E00C92F63 /* Sources */,
				BEFBD1772CF50D5E00C92F63 /* Frameworks */,
				BEFBD1782CF50D5E00C92F63 /* Resources */,
			);
			buildRules = (
			);
			dependencies = (
			);
			fileSystemSynchronizedGroups = (
				BEFBD17C2CF50D5E00C92F63 /* TC2007B-Examen */,
			);
			name = "TC2007B-Examen";
			packageProductDependencies = (
				BEFBD1B02CF523BD00C92F63 /* Alamofire */,
				BEFBD1B32CF523CE00C92F63 /* SDWebImageSwiftUI */,
			);
			productName = "TC2007B-Examen";
			productReference = BEFBD17A2CF50D5E00C92F63 /* TC2007B-Examen.app */;
			productType = "com.apple.product-type.application";
		};
		BEFBD1892CF50D6000C92F63 /* TC2007B-ExamenTests */ = {
			isa = PBXNativeTarget;
			buildConfigurationList = BEFBD1A12CF50D6000C92F63 /* Build configuration list for PBXNativeTarget "TC2007B-ExamenTests" */;
			buildPhases = (
				BEFBD1862CF50D6000C92F63 /* Sources */,
				BEFBD1872CF50D6000C92F63 /* Frameworks */,
				BEFBD1882CF50D6000C92F63 /* Resources */,
			);
			buildRules = (
			);
			dependencies = (
				BEFBD18C2CF50D6000C92F63 /* PBXTargetDependency */,
			);
			fileSystemSynchronizedGroups = (
				BEFBD18D2CF50D6000C92F63 /* TC2007B-ExamenTests */,
			);
			name = "TC2007B-ExamenTests";
			packageProductDependencies = (
			);
			productName = "TC2007B-ExamenTests";
			productReference = BEFBD18A2CF50D6000C92F63 /* TC2007B-ExamenTests.xctest */;
			productType = "com.apple.product-type.bundle.unit-test";
		};
		BEFBD1932CF50D6000C92F63 /* TC2007B-ExamenUITests */ = {
			isa = PBXNativeTarget;
			buildConfigurationList = BEFBD1A42CF50D6000C92F63 /* Build configuration list for PBXNativeTarget "TC2007B-ExamenUITests" */;
			buildPhases = (
				BEFBD1902CF50D6000C92F63 /* Sources */,
				BEFBD1912CF50D6000C92F63 /* Frameworks */,
				BEFBD1922CF50D6000C92F63 /* Resources */,
			);
			buildRules = (
			);
			dependencies = (
				BEFBD1962CF50D6000C92F63 /* PBXTargetDependency */,
			);
			fileSystemSynchronizedGroups = (
				BEFBD1972CF50D6000C92F63 /* TC2007B-ExamenUITests */,
			);
			name = "TC2007B-ExamenUITests";
			packageProductDependencies = (
			);
			productName = "TC2007B-ExamenUITests";
			productReference = BEFBD1942CF50D6000C92F63 /* TC2007B-ExamenUITests.xctest */;
			productType = "com.apple.product-type.bundle.ui-testing";
		};
/* End PBXNativeTarget section */

/* Begin PBXProject section */
		BEFBD1722CF50D5E00C92F63 /* Project object */ = {
			isa = PBXProject;
			attributes = {
				BuildIndependentTargetsInParallel = 1;
				LastSwiftUpdateCheck = 1610;
				LastUpgradeCheck = 1610;
				TargetAttributes = {
					BEFBD1792CF50D5E00C92F63 = {
						CreatedOnToolsVersion = 16.1;
					};
					BEFBD1892CF50D6000C92F63 = {
						CreatedOnToolsVersion = 16.1;
						TestTargetID = BEFBD1792CF50D5E00C92F63;
					};
					BEFBD1932CF50D6000C92F63 = {
						CreatedOnToolsVersion = 16.1;
						TestTargetID = BEFBD1792CF50D5E00C92F63;
					};
				};
			};
			buildConfigurationList = BEFBD1752CF50D5E00C92F63 /* Build configuration list for PBXProject "TC2007B-Examen" */;
			developmentRegion = en;
			hasScannedForEncodings = 0;
			knownRegions = (
				en,
				Base,
			);
			mainGroup = BEFBD1712CF50D5E00C92F63;
			minimizedProjectReferenceProxies = 1;
			packageReferences = (
				BEFBD1AF2CF523BD00C92F63 /* XCRemoteSwiftPackageReference "Alamofire" */,
				BEFBD1B22CF523CE00C92F63 /* XCRemoteSwiftPackageReference "SDWebImageSwiftUI" */,
			);
			preferredProjectObjectVersion = 77;
			productRefGroup = BEFBD17B2CF50D5E00C92F63 /* Products */;
			projectDirPath = "";
			projectRoot = "";
			targets = (
				BEFBD1792CF50D5E00C92F63 /* TC2007B-Examen */,
				BEFBD1892CF50D6000C92F63 /* TC2007B-ExamenTests */,
				BEFBD1932CF50D6000C92F63 /* TC2007B-ExamenUITests */,
			);
		};
/* End PBXProject section */

/* Begin PBXResourcesBuildPhase section */
		BEFBD1782CF50D5E00C92F63 /* Resources */ = {
			isa = PBXResourcesBuildPhase;
			buildActionMask = 2147483647;
			files = (
			);
			runOnlyForDeploymentPostprocessing = 0;
		};
		BEFBD1882CF50D6000C92F63 /* Resources */ = {
			isa = PBXResourcesBuildPhase;
			buildActionMask = 2147483647;
			files = (
			);
			runOnlyForDeploymentPostprocessing = 0;
		};
		BEFBD1922CF50D6000C92F63 /* Resources */ = {
			isa = PBXResourcesBuildPhase;
			buildActionMask = 2147483647;
			files = (
			);
			runOnlyForDeploymentPostprocessing = 0;
		};
/* End PBXResourcesBuildPhase section */

/* Begin PBXSourcesBuildPhase section */
		BEFBD1762CF50D5E00C92F63 /* Sources */ = {
			isa = PBXSourcesBuildPhase;
			buildActionMask = 2147483647;
			files = (
			);
			runOnlyForDeploymentPostprocessing = 0;
		};
		BEFBD1862CF50D6000C92F63 /* Sources */ = {
			isa = PBXSourcesBuildPhase;
			buildActionMask = 2147483647;
			files = (
			);
			runOnlyForDeploymentPostprocessing = 0;
		};
		BEFBD1902CF50D6000C92F63 /* Sources */ = {
			isa = PBXSourcesBuildPhase;
			buildActionMask = 2147483647;
			files = (
			);
			runOnlyForDeploymentPostprocessing = 0;
		};
/* End PBXSourcesBuildPhase section */

/* Begin PBXTargetDependency section */
		BEFBD18C2CF50D6000C92F63 /* PBXTargetDependency */ = {
			isa = PBXTargetDependency;
			target = BEFBD1792CF50D5E00C92F63 /* TC2007B-Examen */;
			targetProxy = BEFBD18B2CF50D6000C92F63 /* PBXContainerItemProxy */;
		};
		BEFBD1962CF50D6000C92F63 /* PBXTargetDependency */ = {
			isa = PBXTargetDependency;
			target = BEFBD1792CF50D5E00C92F63 /* TC2007B-Examen */;
			targetProxy = BEFBD1952CF50D6000C92F63 /* PBXContainerItemProxy */;
		};
/* End PBXTargetDependency section */

/* Begin XCBuildConfiguration section */
		BEFBD19C2CF50D6000C92F63 /* Debug */ = {
			isa = XCBuildConfiguration;
			buildSettings = {
				ALWAYS_SEARCH_USER_PATHS = NO;
				ASSETCATALOG_COMPILER_GENERATE_SWIFT_ASSET_SYMBOL_EXTENSIONS = YES;
				CLANG_ANALYZER_NONNULL = YES;
				CLANG_ANALYZER_NUMBER_OBJECT_CONVERSION = YES_AGGRESSIVE;
				CLANG_CXX_LANGUAGE_STANDARD = "gnu++20";
				CLANG_ENABLE_MODULES = YES;
				CLANG_ENABLE_OBJC_ARC = YES;
				CLANG_ENABLE_OBJC_WEAK = YES;
				CLANG_WARN_BLOCK_CAPTURE_AUTORELEASING = YES;
				CLANG_WARN_BOOL_CONVERSION = YES;
				CLANG_WARN_COMMA = YES;
				CLANG_WARN_CONSTANT_CONVERSION = YES;
				CLANG_WARN_DEPRECATED_OBJC_IMPLEMENTATIONS = YES;
				CLANG_WARN_DIRECT_OBJC_ISA_USAGE = YES_ERROR;
				CLANG_WARN_DOCUMENTATION_COMMENTS = YES;
				CLANG_WARN_EMPTY_BODY = YES;
				CLANG_WARN_ENUM_CONVERSION = YES;
				CLANG_WARN_INFINITE_RECURSION = YES;
				CLANG_WARN_INT_CONVERSION = YES;
				CLANG_WARN_NON_LITERAL_NULL_CONVERSION = YES;
				CLANG_WARN_OBJC_IMPLICIT_RETAIN_SELF = YES;
				CLANG_WARN_OBJC_LITERAL_CONVERSION = YES;
				CLANG_WARN_OBJC_ROOT_CLASS = YES_ERROR;
				CLANG_WARN_QUOTED_INCLUDE_IN_FRAMEWORK_HEADER = YES;
				CLANG_WARN_RANGE_LOOP_ANALYSIS = YES;
				CLANG_WARN_STRICT_PROTOTYPES = YES;
				CLANG_WARN_SUSPICIOUS_MOVE = YES;
				CLANG_WARN_UNGUARDED_AVAILABILITY = YES_AGGRESSIVE;
				CLANG_WARN_UNREACHABLE_CODE = YES;
				CLANG_WARN__DUPLICATE_METHOD_MATCH = YES;
				COPY_PHASE_STRIP = NO;
				DEBUG_INFORMATION_FORMAT = dwarf;
				ENABLE_STRICT_OBJC_MSGSEND = YES;
				ENABLE_TESTABILITY = YES;
				ENABLE_USER_SCRIPT_SANDBOXING = YES;
				GCC_C_LANGUAGE_STANDARD = gnu17;
				GCC_DYNAMIC_NO_PIC = NO;
				GCC_NO_COMMON_BLOCKS = YES;
				GCC_OPTIMIZATION_LEVEL = 0;
				GCC_PREPROCESSOR_DEFINITIONS = (
					"DEBUG=1",
					"$(inherited)",
				);
				GCC_WARN_64_TO_32_BIT_CONVERSION = YES;
				GCC_WARN_ABOUT_RETURN_TYPE = YES_ERROR;
				GCC_WARN_UNDECLARED_SELECTOR = YES;
				GCC_WARN_UNINITIALIZED_AUTOS = YES_AGGRESSIVE;
				GCC_WARN_UNUSED_FUNCTION = YES;
				GCC_WARN_UNUSED_VARIABLE = YES;
				IPHONEOS_DEPLOYMENT_TARGET = 18.1;
				LOCALIZATION_PREFERS_STRING_CATALOGS = YES;
				MTL_ENABLE_DEBUG_INFO = INCLUDE_SOURCE;
				MTL_FAST_MATH = YES;
				ONLY_ACTIVE_ARCH = YES;
				SDKROOT = iphoneos;
				SWIFT_ACTIVE_COMPILATION_CONDITIONS = "DEBUG $(inherited)";
				SWIFT_OPTIMIZATION_LEVEL = "-Onone";
			};
			name = Debug;
		};
		BEFBD19D2CF50D6000C92F63 /* Release */ = {
			isa = XCBuildConfiguration;
			buildSettings = {
				ALWAYS_SEARCH_USER_PATHS = NO;
				ASSETCATALOG_COMPILER_GENERATE_SWIFT_ASSET_SYMBOL_EXTENSIONS = YES;
				CLANG_ANALYZER_NONNULL = YES;
				CLANG_ANALYZER_NUMBER_OBJECT_CONVERSION = YES_AGGRESSIVE;
				CLANG_CXX_LANGUAGE_STANDARD = "gnu++20";
				CLANG_ENABLE_MODULES = YES;
				CLANG_ENABLE_OBJC_ARC = YES;
				CLANG_ENABLE_OBJC_WEAK = YES;
				CLANG_WARN_BLOCK_CAPTURE_AUTORELEASING = YES;
				CLANG_WARN_BOOL_CONVERSION = YES;
				CLANG_WARN_COMMA = YES;
				CLANG_WARN_CONSTANT_CONVERSION = YES;
				CLANG_WARN_DEPRECATED_OBJC_IMPLEMENTATIONS = YES;
				CLANG_WARN_DIRECT_OBJC_ISA_USAGE = YES_ERROR;
				CLANG_WARN_DOCUMENTATION_COMMENTS = YES;
				CLANG_WARN_EMPTY_BODY = YES;
				CLANG_WARN_ENUM_CONVERSION = YES;
				CLANG_WARN_INFINITE_RECURSION = YES;
				CLANG_WARN_INT_CONVERSION = YES;
				CLANG_WARN_NON_LITERAL_NULL_CONVERSION = YES;
				CLANG_WARN_OBJC_IMPLICIT_RETAIN_SELF = YES;
				CLANG_WARN_OBJC_LITERAL_CONVERSION = YES;
				CLANG_WARN_OBJC_ROOT_CLASS = YES_ERROR;
				CLANG_WARN_QUOTED_INCLUDE_IN_FRAMEWORK_HEADER = YES;
				CLANG_WARN_RANGE_LOOP_ANALYSIS = YES;
				CLANG_WARN_STRICT_PROTOTYPES = YES;
				CLANG_WARN_SUSPICIOUS_MOVE = YES;
				CLANG_WARN_UNGUARDED_AVAILABILITY = YES_AGGRESSIVE;
				CLANG_WARN_UNREACHABLE_CODE = YES;
				CLANG_WARN__DUPLICATE_METHOD_MATCH = YES;
				COPY_PHASE_STRIP = NO;
				DEBUG_INFORMATION_FORMAT = "dwarf-with-dsym";
				ENABLE_NS_ASSERTIONS = NO;
				ENABLE_STRICT_OBJC_MSGSEND = YES;
				ENABLE_USER_SCRIPT_SANDBOXING = YES;
				GCC_C_LANGUAGE_STANDARD = gnu17;
				GCC_NO_COMMON_BLOCKS = YES;
				GCC_WARN_64_TO_32_BIT_CONVERSION = YES;
				GCC_WARN_ABOUT_RETURN_TYPE = YES_ERROR;
				GCC_WARN_UNDECLARED_SELECTOR = YES;
				GCC_WARN_UNINITIALIZED_AUTOS = YES_AGGRESSIVE;
				GCC_WARN_UNUSED_FUNCTION = YES;
				GCC_WARN_UNUSED_VARIABLE = YES;
				IPHONEOS_DEPLOYMENT_TARGET = 18.1;
				LOCALIZATION_PREFERS_STRING_CATALOGS = YES;
				MTL_ENABLE_DEBUG_INFO = NO;
				MTL_FAST_MATH = YES;
				SDKROOT = iphoneos;
				SWIFT_COMPILATION_MODE = wholemodule;
				VALIDATE_PRODUCT = YES;
			};
			name = Release;
		};
		BEFBD19F2CF50D6000C92F63 /* Debug */ = {
			isa = XCBuildConfiguration;
			buildSettings = {
				ASSETCATALOG_COMPILER_APPICON_NAME = AppIcon;
				ASSETCATALOG_COMPILER_GLOBAL_ACCENT_COLOR_NAME = AccentColor;
				CODE_SIGN_STYLE = Automatic;
				CURRENT_PROJECT_VERSION = 1;
				DEVELOPMENT_ASSET_PATHS = "\"TC2007B-Examen/Preview Content\"";
				DEVELOPMENT_TEAM = 66Y7PNN278;
				ENABLE_PREVIEWS = YES;
				GENERATE_INFOPLIST_FILE = YES;
				INFOPLIST_KEY_UIApplicationSceneManifest_Generation = YES;
				INFOPLIST_KEY_UIApplicationSupportsIndirectInputEvents = YES;
				INFOPLIST_KEY_UILaunchScreen_Generation = YES;
				INFOPLIST_KEY_UISupportedInterfaceOrientations_iPad = "UIInterfaceOrientationPortrait UIInterfaceOrientationPortraitUpsideDown UIInterfaceOrientationLandscapeLeft UIInterfaceOrientationLandscapeRight";
				INFOPLIST_KEY_UISupportedInterfaceOrientations_iPhone = "UIInterfaceOrientationPortrait UIInterfaceOrientationLandscapeLeft UIInterfaceOrientationLandscapeRight";
				LD_RUNPATH_SEARCH_PATHS = (
					"$(inherited)",
					"@executable_path/Frameworks",
				);
				MARKETING_VERSION = 1.0;
				PRODUCT_BUNDLE_IDENTIFIER = "com.itesm.TC2007B-Examen";
				PRODUCT_NAME = "$(TARGET_NAME)";
				SWIFT_EMIT_LOC_STRINGS = YES;
				SWIFT_VERSION = 5.0;
				TARGETED_DEVICE_FAMILY = "1,2";
			};
			name = Debug;
		};
		BEFBD1A02CF50D6000C92F63 /* Release */ = {
			isa = XCBuildConfiguration;
			buildSettings = {
				ASSETCATALOG_COMPILER_APPICON_NAME = AppIcon;
				ASSETCATALOG_COMPILER_GLOBAL_ACCENT_COLOR_NAME = AccentColor;
				CODE_SIGN_STYLE = Automatic;
				CURRENT_PROJECT_VERSION = 1;
				DEVELOPMENT_ASSET_PATHS = "\"TC2007B-Examen/Preview Content\"";
				DEVELOPMENT_TEAM = 66Y7PNN278;
				ENABLE_PREVIEWS = YES;
				GENERATE_INFOPLIST_FILE = YES;
				INFOPLIST_KEY_UIApplicationSceneManifest_Generation = YES;
				INFOPLIST_KEY_UIApplicationSupportsIndirectInputEvents = YES;
				INFOPLIST_KEY_UILaunchScreen_Generation = YES;
				INFOPLIST_KEY_UISupportedInterfaceOrientations_iPad = "UIInterfaceOrientationPortrait UIInterfaceOrientationPortraitUpsideDown UIInterfaceOrientationLandscapeLeft UIInterfaceOrientationLandscapeRight";
				INFOPLIST_KEY_UISupportedInterfaceOrientations_iPhone = "UIInterfaceOrientationPortrait UIInterfaceOrientationLandscapeLeft UIInterfaceOrientationLandscapeRight";
				LD_RUNPATH_SEARCH_PATHS = (
					"$(inherited)",
					"@executable_path/Frameworks",
				);
				MARKETING_VERSION = 1.0;
				PRODUCT_BUNDLE_IDENTIFIER = "com.itesm.TC2007B-Examen";
				PRODUCT_NAME = "$(TARGET_NAME)";
				SWIFT_EMIT_LOC_STRINGS = YES;
				SWIFT_VERSION = 5.0;
				TARGETED_DEVICE_FAMILY = "1,2";
			};
			name = Release;
		};
		BEFBD1A22CF50D6000C92F63 /* Debug */ = {
			isa = XCBuildConfiguration;
			buildSettings = {
				BUNDLE_LOADER = "$(TEST_HOST)";
				CODE_SIGN_STYLE = Automatic;
				CURRENT_PROJECT_VERSION = 1;
				DEVELOPMENT_TEAM = 66Y7PNN278;
				GENERATE_INFOPLIST_FILE = YES;
				IPHONEOS_DEPLOYMENT_TARGET = 18.1;
				MARKETING_VERSION = 1.0;
				PRODUCT_BUNDLE_IDENTIFIER = "com.itesm.TC2007B-ExamenTests";
				PRODUCT_NAME = "$(TARGET_NAME)";
				SWIFT_EMIT_LOC_STRINGS = NO;
				SWIFT_VERSION = 5.0;
				TARGETED_DEVICE_FAMILY = "1,2";
				TEST_HOST = "$(BUILT_PRODUCTS_DIR)/TC2007B-Examen.app/$(BUNDLE_EXECUTABLE_FOLDER_PATH)/TC2007B-Examen";
			};
			name = Debug;
		};
		BEFBD1A32CF50D6000C92F63 /* Release */ = {
			isa = XCBuildConfiguration;
			buildSettings = {
				BUNDLE_LOADER = "$(TEST_HOST)";
				CODE_SIGN_STYLE = Automatic;
				CURRENT_PROJECT_VERSION = 1;
				DEVELOPMENT_TEAM = 66Y7PNN278;
				GENERATE_INFOPLIST_FILE = YES;
				IPHONEOS_DEPLOYMENT_TARGET = 18.1;
				MARKETING_VERSION = 1.0;
				PRODUCT_BUNDLE_IDENTIFIER = "com.itesm.TC2007B-ExamenTests";
				PRODUCT_NAME = "$(TARGET_NAME)";
				SWIFT_EMIT_LOC_STRINGS = NO;
				SWIFT_VERSION = 5.0;
				TARGETED_DEVICE_FAMILY = "1,2";
				TEST_HOST = "$(BUILT_PRODUCTS_DIR)/TC2007B-Examen.app/$(BUNDLE_EXECUTABLE_FOLDER_PATH)/TC2007B-Examen";
			};
			name = Release;
		};
		BEFBD1A52CF50D6000C92F63 /* Debug */ = {
			isa = XCBuildConfiguration;
			buildSettings = {
				CODE_SIGN_STYLE = Automatic;
				CURRENT_PROJECT_VERSION = 1;
				DEVELOPMENT_TEAM = 66Y7PNN278;
				GENERATE_INFOPLIST_FILE = YES;
				MARKETING_VERSION = 1.0;
				PRODUCT_BUNDLE_IDENTIFIER = "com.itesm.TC2007B-ExamenUITests";
				PRODUCT_NAME = "$(TARGET_NAME)";
				SWIFT_EMIT_LOC_STRINGS = NO;
				SWIFT_VERSION = 5.0;
				TARGETED_DEVICE_FAMILY = "1,2";
				TEST_TARGET_NAME = "TC2007B-Examen";
			};
			name = Debug;
		};
		BEFBD1A62CF50D6000C92F63 /* Release */ = {
			isa = XCBuildConfiguration;
			buildSettings = {
				CODE_SIGN_STYLE = Automatic;
				CURRENT_PROJECT_VERSION = 1;
				DEVELOPMENT_TEAM = 66Y7PNN278;
				GENERATE_INFOPLIST_FILE = YES;
				MARKETING_VERSION = 1.0;
				PRODUCT_BUNDLE_IDENTIFIER = "com.itesm.TC2007B-ExamenUITests";
				PRODUCT_NAME = "$(TARGET_NAME)";
				SWIFT_EMIT_LOC_STRINGS = NO;
				SWIFT_VERSION = 5.0;
				TARGETED_DEVICE_FAMILY = "1,2";
				TEST_TARGET_NAME = "TC2007B-Examen";
			};
			name = Release;
		};
/* End XCBuildConfiguration section */

/* Begin XCConfigurationList section */
		BEFBD1752CF50D5E00C92F63 /* Build configuration list for PBXProject "TC2007B-Examen" */ = {
			isa = XCConfigurationList;
			buildConfigurations = (
				BEFBD19C2CF50D6000C92F63 /* Debug */,
				BEFBD19D2CF50D6000C92F63 /* Release */,
			);
			defaultConfigurationIsVisible = 0;
			defaultConfigurationName = Release;
		};
		BEFBD19E2CF50D6000C92F63 /* Build configuration list for PBXNativeTarget "TC2007B-Examen" */ = {
			isa = XCConfigurationList;
			buildConfigurations = (
				BEFBD19F2CF50D6000C92F63 /* Debug */,
				BEFBD1A02CF50D6000C92F63 /* Release */,
			);
			defaultConfigurationIsVisible = 0;
			defaultConfigurationName = Release;
		};
		BEFBD1A12CF50D6000C92F63 /* Build configuration list for PBXNativeTarget "TC2007B-ExamenTests" */ = {
			isa = XCConfigurationList;
			buildConfigurations = (
				BEFBD1A22CF50D6000C92F63 /* Debug */,
				BEFBD1A32CF50D6000C92F63 /* Release */,
			);
			defaultConfigurationIsVisible = 0;
			defaultConfigurationName = Release;
		};
		BEFBD1A42CF50D6000C92F63 /* Build configuration list for PBXNativeTarget "TC2007B-ExamenUITests" */ = {
			isa = XCConfigurationList;
			buildConfigurations = (
				BEFBD1A52CF50D6000C92F63 /* Debug */,
				BEFBD1A62CF50D6000C92F63 /* Release */,
			);
			defaultConfigurationIsVisible = 0;
			defaultConfigurationName = Release;
		};
/* End XCConfigurationList section */

/* Begin XCRemoteSwiftPackageReference section */
		BEFBD1AF2CF523BD00C92F63 /* XCRemoteSwiftPackageReference "Alamofire" */ = {
			isa = XCRemoteSwiftPackageReference;
			repositoryURL = "https://github.com/Alamofire/Alamofire.git";
			requirement = {
				kind = upToNextMajorVersion;
				minimumVersion = 5.10.2;
			};
		};
		BEFBD1B22CF523CE00C92F63 /* XCRemoteSwiftPackageReference "SDWebImageSwiftUI" */ = {
			isa = XCRemoteSwiftPackageReference;
			repositoryURL = "https://github.com/SDWebImage/SDWebImageSwiftUI";
			requirement = {
				kind = upToNextMajorVersion;
				minimumVersion = 3.1.3;
			};
		};
/* End XCRemoteSwiftPackageReference section */

/* Begin XCSwiftPackageProductDependency section */
		BEFBD1B02CF523BD00C92F63 /* Alamofire */ = {
			isa = XCSwiftPackageProductDependency;
			package = BEFBD1AF2CF523BD00C92F63 /* XCRemoteSwiftPackageReference "Alamofire" */;
			productName = Alamofire;
		};
		BEFBD1B32CF523CE00C92F63 /* SDWebImageSwiftUI */ = {
			isa = XCSwiftPackageProductDependency;
			package = BEFBD1B22CF523CE00C92F63 /* XCRemoteSwiftPackageReference "SDWebImageSwiftUI" */;
			productName = SDWebImageSwiftUI;
		};
/* End XCSwiftPackageProductDependency section */
	};
	rootObject = BEFBD1722CF50D5E00C92F63 /* Project object */;
}
